
Microsoft Visual Studio Solution File, Format Version 12.00
# Visual Studio Version 17
VisualStudioVersion = 17.2.32516.85
MinimumVisualStudioVersion = 10.0.40219.1
Project("{FAE04EC0-301F-11D3-BF4B-00C04F79EFBC}") = "Eventmanagement", "Eventmanagement\Eventmanagement.csproj", "{A237EBE8-42FA-4E83-B729-B2722C199162}"
EndProject
Global
	GlobalSection(SolutionConfigurationPlatforms) = preSolution
		Debug|Any CPU = Debug|Any CPU
		Release|Any CPU = Release|Any CPU
	EndGlobalSection
	GlobalSection(ProjectConfigurationPlatforms) = postSolution
		{A237EBE8-42FA-4E83-B729-B2722C199162}.Debug|Any CPU.ActiveCfg = Debug|Any CPU
		{A237EBE8-42FA-4E83-B729-B2722C199162}.Debug|Any CPU.Build.0 = Debug|Any CPU
		{A237EBE8-42FA-4E83-B729-B2722C199162}.Release|Any CPU.ActiveCfg = Release|Any CPU
		{A237EBE8-42FA-4E83-B729-B2722C199162}.Release|Any CPU.Build.0 = Release|Any CPU
	EndGlobalSection
	GlobalSection(SolutionProperties) = preSolution
		HideSolutionNode = FALSE
	EndGlobalSection
	GlobalSection(ExtensibilityGlobals) = postSolution
		SolutionGuid = {628E3050-D6C4-41AC-8CBB-8D6FEAA68178}
	EndGlobalSection
EndGlobal
